
Microsoft Visual Studio Solution File, Format Version 12.00
# Visual Studio 15
VisualStudioVersion = 15.0.28307.106
MinimumVisualStudioVersion = 10.0.40219.1
Project("{8BC9CEB8-8B4A-11D0-8D11-00A0C91BC942}") = "Single_double_cam_colections", "Single_double_cam_colections\Single_double_cam_colections.vcxproj", "{C61F2301-D2F1-433E-99AE-3F9FEEB8B4A8}"
EndProject
Global
	GlobalSection(SolutionConfigurationPlatforms) = preSolution
		Debug|x64 = Debug|x64
		Debug|x86 = Debug|x86
		Release|x64 = Release|x64
		Release|x86 = Release|x86
	EndGlobalSection
	GlobalSection(ProjectConfigurationPlatforms) = postSolution
		{C61F2301-D2F1-433E-99AE-3F9FEEB8B4A8}.Debug|x64.ActiveCfg = Debug|x64
		{C61F2301-D2F1-433E-99AE-3F9FEEB8B4A8}.Debug|x64.Build.0 = Debug|x64
		{C61F2301-D2F1-433E-99AE-3F9FEEB8B4A8}.Debug|x86.ActiveCfg = Debug|Win32
		{C61F2301-D2F1-433E-99AE-3F9FEEB8B4A8}.Debug|x86.Build.0 = Debug|Win32
		{C61F2301-D2F1-433E-99AE-3F9FEEB8B4A8}.Release|x64.ActiveCfg = Release|x64
		{C61F2301-D2F1-433E-99AE-3F9FEEB8B4A8}.Release|x64.Build.0 = Release|x64
		{C61F2301-D2F1-433E-99AE-3F9FEEB8B4A8}.Release|x86.ActiveCfg = Release|Win32
		{C61F2301-D2F1-433E-99AE-3F9FEEB8B4A8}.Release|x86.Build.0 = Release|Win32
	EndGlobalSection
	GlobalSection(SolutionProperties) = preSolution
		HideSolutionNode = FALSE
	EndGlobalSection
	GlobalSection(ExtensibilityGlobals) = postSolution
		SolutionGuid = {184BB0A9-66B5-4540-881C-665FED3BFCB8}
	EndGlobalSection
EndGlobal
